{
  "object": {
    "pins": [
      {
        "package": "KituraContracts",
        "repositoryURL": "https://github.com/IBM-Swift/KituraContracts.git",
        "state": {
          "branch": "issue.error-reason",
          "revision": "55ee0ee19af8d213a078faae6e6c74ba8e90ab49",
          "version": null
        }
      }
    ]
  },
  "version": 1
}
