{
  "object": {
    "pins": [
      {
        "package": "KituraContracts",
        "repositoryURL": "https://github.com/IBM-Swift/KituraContracts.git",
        "state": {
          "branch": null,
          "revision": "385c5698b5c6ffb3416f810dd71c317be40076cc",
          "version": "0.0.15"
        }
      }
    ]
  },
  "version": 1
}
