{
  "object": {
    "pins": [
      {
        "package": "KituraContracts",
        "repositoryURL": "https://github.com/IBM-Swift/KituraContracts.git",
        "state": {
          "branch": null,
          "revision": "60ad79cfffeeb9693f53dd68067783d4fde5dc4d",
          "version": "0.0.14"
        }
      }
    ]
  },
  "version": 1
}
